// !$*UTF8*$!
{
	archiveVersion = 1;
	classes = {
	};
	objectVersion = 46;
	objects = {

/* Begin PBXBuildFile section */
		526DB53A19F592DC001F29D0 /* main.m in Sources */ = {isa = PBXBuildFile; fileRef = 526DB53919F592DC001F29D0 /* main.m */; };
		526DB53D19F592DC001F29D0 /* AppDelegate.m in Sources */ = {isa = PBXBuildFile; fileRef = 526DB53C19F592DC001F29D0 /* AppDelegate.m */; };
		526DB54019F592DC001F29D0 /* ViewController.m in Sources */ = {isa = PBXBuildFile; fileRef = 526DB53F19F592DC001F29D0 /* ViewController.m */; };
		526DB54319F592DC001F29D0 /* Main.storyboard in Resources */ = {isa = PBXBuildFile; fileRef = 526DB54119F592DC001F29D0 /* Main.storyboard */; };
		526DB54519F592DC001F29D0 /* Images.xcassets in Resources */ = {isa = PBXBuildFile; fileRef = 526DB54419F592DC001F29D0 /* Images.xcassets */; };
		526DB54819F592DC001F29D0 /* LaunchScreen.xib in Resources */ = {isa = PBXBuildFile; fileRef = 526DB54619F592DC001F29D0 /* LaunchScreen.xib */; };
		526DB55419F592DC001F29D0 /* MafiaTests.m in Sources */ = {isa = PBXBuildFile; fileRef = 526DB55319F592DC001F29D0 /* MafiaTests.m */; };
		526DB55F19F596F2001F29D0 /* User.m in Sources */ = {isa = PBXBuildFile; fileRef = 526DB55E19F596F2001F29D0 /* User.m */; };
		526DB56519F5ADC8001F29D0 /* GameViewController.m in Sources */ = {isa = PBXBuildFile; fileRef = 526DB56419F5ADC8001F29D0 /* GameViewController.m */; };
		526DB56819F5C798001F29D0 /* MiniGameViewController.m in Sources */ = {isa = PBXBuildFile; fileRef = 526DB56719F5C798001F29D0 /* MiniGameViewController.m */; };
/* End PBXBuildFile section */

/* Begin PBXContainerItemProxy section */
		526DB54E19F592DC001F29D0 /* PBXContainerItemProxy */ = {
			isa = PBXContainerItemProxy;
			containerPortal = 526DB52C19F592DC001F29D0 /* Project object */;
			proxyType = 1;
			remoteGlobalIDString = 526DB53319F592DC001F29D0;
			remoteInfo = Mafia;
		};
/* End PBXContainerItemProxy section */

/* Begin PBXFileReference section */
		526DB53419F592DC001F29D0 /* Mafia.app */ = {isa = PBXFileReference; explicitFileType = wrapper.application; includeInIndex = 0; path = Mafia.app; sourceTree = BUILT_PRODUCTS_DIR; };
		526DB53819F592DC001F29D0 /* Info.plist */ = {isa = PBXFileReference; lastKnownFileType = text.plist.xml; path = Info.plist; sourceTree = "<group>"; };
		526DB53919F592DC001F29D0 /* main.m */ = {isa = PBXFileReference; lastKnownFileType = sourcecode.c.objc; path = main.m; sourceTree = "<group>"; };
		526DB53B19F592DC001F29D0 /* AppDelegate.h */ = {isa = PBXFileReference; lastKnownFileType = sourcecode.c.h; path = AppDelegate.h; sourceTree = "<group>"; };
		526DB53C19F592DC001F29D0 /* AppDelegate.m */ = {isa = PBXFileReference; lastKnownFileType = sourcecode.c.objc; path = AppDelegate.m; sourceTree = "<group>"; };
		526DB53E19F592DC001F29D0 /* ViewController.h */ = {isa = PBXFileReference; lastKnownFileType = sourcecode.c.h; path = ViewController.h; sourceTree = "<group>"; };
		526DB53F19F592DC001F29D0 /* ViewController.m */ = {isa = PBXFileReference; lastKnownFileType = sourcecode.c.objc; path = ViewController.m; sourceTree = "<group>"; };
		526DB54219F592DC001F29D0 /* Base */ = {isa = PBXFileReference; lastKnownFileType = file.storyboard; name = Base; path = Base.lproj/Main.storyboard; sourceTree = "<group>"; };
		526DB54419F592DC001F29D0 /* Images.xcassets */ = {isa = PBXFileReference; lastKnownFileType = folder.assetcatalog; path = Images.xcassets; sourceTree = "<group>"; };
		526DB54719F592DC001F29D0 /* Base */ = {isa = PBXFileReference; lastKnownFileType = file.xib; name = Base; path = Base.lproj/LaunchScreen.xib; sourceTree = "<group>"; };
		526DB54D19F592DC001F29D0 /* MafiaTests.xctest */ = {isa = PBXFileReference; explicitFileType = wrapper.cfbundle; includeInIndex = 0; path = MafiaTests.xctest; sourceTree = BUILT_PRODUCTS_DIR; };
		526DB55219F592DC001F29D0 /* Info.plist */ = {isa = PBXFileReference; lastKnownFileType = text.plist.xml; path = Info.plist; sourceTree = "<group>"; };
		526DB55319F592DC001F29D0 /* MafiaTests.m */ = {isa = PBXFileReference; lastKnownFileType = sourcecode.c.objc; path = MafiaTests.m; sourceTree = "<group>"; };
		526DB55D19F596F2001F29D0 /* User.h */ = {isa = PBXFileReference; fileEncoding = 4; lastKnownFileType = sourcecode.c.h; path = User.h; sourceTree = "<group>"; };
		526DB55E19F596F2001F29D0 /* User.m */ = {isa = PBXFileReference; fileEncoding = 4; lastKnownFileType = sourcecode.c.objc; path = User.m; sourceTree = "<group>"; };
		526DB56319F5ADC8001F29D0 /* GameViewController.h */ = {isa = PBXFileReference; fileEncoding = 4; lastKnownFileType = sourcecode.c.h; path = GameViewController.h; sourceTree = "<group>"; };
		526DB56419F5ADC8001F29D0 /* GameViewController.m */ = {isa = PBXFileReference; fileEncoding = 4; lastKnownFileType = sourcecode.c.objc; path = GameViewController.m; sourceTree = "<group>"; };
		526DB56619F5C798001F29D0 /* MiniGameViewController.h */ = {isa = PBXFileReference; fileEncoding = 4; lastKnownFileType = sourcecode.c.h; path = MiniGameViewController.h; sourceTree = "<group>"; };
		526DB56719F5C798001F29D0 /* MiniGameViewController.m */ = {isa = PBXFileReference; fileEncoding = 4; lastKnownFileType = sourcecode.c.objc; path = MiniGameViewController.m; sourceTree = "<group>"; };
/* End PBXFileReference section */

/* Begin PBXFrameworksBuildPhase section */
		526DB53119F592DC001F29D0 /* Frameworks */ = {
			isa = PBXFrameworksBuildPhase;
			buildActionMask = 2147483647;
			files = (
			);
			runOnlyForDeploymentPostprocessing = 0;
		};
		526DB54A19F592DC001F29D0 /* Frameworks */ = {
			isa = PBXFrameworksBuildPhase;
			buildActionMask = 2147483647;
			files = (
			);
			runOnlyForDeploymentPostprocessing = 0;
		};
/* End PBXFrameworksBuildPhase section */

/* Begin PBXGroup section */
		526DB52B19F592DC001F29D0 = {
			isa = PBXGroup;
			children = (
				526DB53619F592DC001F29D0 /* Mafia */,
				526DB55019F592DC001F29D0 /* MafiaTests */,
				526DB53519F592DC001F29D0 /* Products */,
			);
			sourceTree = "<group>";
		};
		526DB53519F592DC001F29D0 /* Products */ = {
			isa = PBXGroup;
			children = (
				526DB53419F592DC001F29D0 /* Mafia.app */,
				526DB54D19F592DC001F29D0 /* MafiaTests.xctest */,
			);
			name = Products;
			sourceTree = "<group>";
		};
		526DB53619F592DC001F29D0 /* Mafia */ = {
			isa = PBXGroup;
			children = (
				526DB53B19F592DC001F29D0 /* AppDelegate.h */,
				526DB53C19F592DC001F29D0 /* AppDelegate.m */,
				526DB53E19F592DC001F29D0 /* ViewController.h */,
				526DB53F19F592DC001F29D0 /* ViewController.m */,
				526DB56319F5ADC8001F29D0 /* GameViewController.h */,
				526DB56419F5ADC8001F29D0 /* GameViewController.m */,
				526DB56619F5C798001F29D0 /* MiniGameViewController.h */,
				526DB56719F5C798001F29D0 /* MiniGameViewController.m */,
				526DB54119F592DC001F29D0 /* Main.storyboard */,
				526DB55D19F596F2001F29D0 /* User.h */,
				526DB55E19F596F2001F29D0 /* User.m */,
				526DB54419F592DC001F29D0 /* Images.xcassets */,
				526DB54619F592DC001F29D0 /* LaunchScreen.xib */,
				526DB53719F592DC001F29D0 /* Supporting Files */,
			);
			path = Mafia;
			sourceTree = "<group>";
		};
		526DB53719F592DC001F29D0 /* Supporting Files */ = {
			isa = PBXGroup;
			children = (
				526DB53819F592DC001F29D0 /* Info.plist */,
				526DB53919F592DC001F29D0 /* main.m */,
			);
			name = "Supporting Files";
			sourceTree = "<group>";
		};
		526DB55019F592DC001F29D0 /* MafiaTests */ = {
			isa = PBXGroup;
			children = (
				526DB55319F592DC001F29D0 /* MafiaTests.m */,
				526DB55119F592DC001F29D0 /* Supporting Files */,
			);
			path = MafiaTests;
			sourceTree = "<group>";
		};
		526DB55119F592DC001F29D0 /* Supporting Files */ = {
			isa = PBXGroup;
			children = (
				526DB55219F592DC001F29D0 /* Info.plist */,
			);
			name = "Supporting Files";
			sourceTree = "<group>";
		};
/* End PBXGroup section */

/* Begin PBXNativeTarget section */
		526DB53319F592DC001F29D0 /* Mafia */ = {
			isa = PBXNativeTarget;
			buildConfigurationList = 526DB55719F592DC001F29D0 /* Build configuration list for PBXNativeTarget "Mafia" */;
			buildPhases = (
				526DB53019F592DC001F29D0 /* Sources */,
				526DB53119F592DC001F29D0 /* Frameworks */,
				526DB53219F592DC001F29D0 /* Resources */,
			);
			buildRules = (
			);
			dependencies = (
			);
			name = Mafia;
			productName = Mafia;
			productReference = 526DB53419F592DC001F29D0 /* Mafia.app */;
			productType = "com.apple.product-type.application";
		};
		526DB54C19F592DC001F29D0 /* MafiaTests */ = {
			isa = PBXNativeTarget;
			buildConfigurationList = 526DB55A19F592DC001F29D0 /* Build configuration list for PBXNativeTarget "MafiaTests" */;
			buildPhases = (
				526DB54919F592DC001F29D0 /* Sources */,
				526DB54A19F592DC001F29D0 /* Frameworks */,
				526DB54B19F592DC001F29D0 /* Resources */,
			);
			buildRules = (
			);
			dependencies = (
				526DB54F19F592DC001F29D0 /* PBXTargetDependency */,
			);
			name = MafiaTests;
			productName = MafiaTests;
			productReference = 526DB54D19F592DC001F29D0 /* MafiaTests.xctest */;
			productType = "com.apple.product-type.bundle.unit-test";
		};
/* End PBXNativeTarget section */

/* Begin PBXProject section */
		526DB52C19F592DC001F29D0 /* Project object */ = {
			isa = PBXProject;
			attributes = {
				LastUpgradeCheck = 0600;
				ORGANIZATIONNAME = "Jacob Cho";
				TargetAttributes = {
					526DB53319F592DC001F29D0 = {
						CreatedOnToolsVersion = 6.0.1;
					};
					526DB54C19F592DC001F29D0 = {
						CreatedOnToolsVersion = 6.0.1;
						TestTargetID = 526DB53319F592DC001F29D0;
					};
				};
			};
			buildConfigurationList = 526DB52F19F592DC001F29D0 /* Build configuration list for PBXProject "Mafia" */;
			compatibilityVersion = "Xcode 3.2";
			developmentRegion = English;
			hasScannedForEncodings = 0;
			knownRegions = (
				en,
				Base,
			);
			mainGroup = 526DB52B19F592DC001F29D0;
			productRefGroup = 526DB53519F592DC001F29D0 /* Products */;
			projectDirPath = "";
			projectRoot = "";
			targets = (
				526DB53319F592DC001F29D0 /* Mafia */,
				526DB54C19F592DC001F29D0 /* MafiaTests */,
			);
		};
/* End PBXProject section */

/* Begin PBXResourcesBuildPhase section */
		526DB53219F592DC001F29D0 /* Resources */ = {
			isa = PBXResourcesBuildPhase;
			buildActionMask = 2147483647;
			files = (
				526DB54319F592DC001F29D0 /* Main.storyboard in Resources */,
				526DB54819F592DC001F29D0 /* LaunchScreen.xib in Resources */,
				526DB54519F592DC001F29D0 /* Images.xcassets in Resources */,
			);
			runOnlyForDeploymentPostprocessing = 0;
		};
		526DB54B19F592DC001F29D0 /* Resources */ = {
			isa = PBXResourcesBuildPhase;
			buildActionMask = 2147483647;
			files = (
			);
			runOnlyForDeploymentPostprocessing = 0;
		};
/* End PBXResourcesBuildPhase section */

/* Begin PBXSourcesBuildPhase section */
		526DB53019F592DC001F29D0 /* Sources */ = {
			isa = PBXSourcesBuildPhase;
			buildActionMask = 2147483647;
			files = (
				526DB56519F5ADC8001F29D0 /* GameViewController.m in Sources */,
				526DB56819F5C798001F29D0 /* MiniGameViewController.m in Sources */,
				526DB55F19F596F2001F29D0 /* User.m in Sources */,
				526DB54019F592DC001F29D0 /* ViewController.m in Sources */,
				526DB53D19F592DC001F29D0 /* AppDelegate.m in Sources */,
				526DB53A19F592DC001F29D0 /* main.m in Sources */,
			);
			runOnlyForDeploymentPostprocessing = 0;
		};
		526DB54919F592DC001F29D0 /* Sources */ = {
			isa = PBXSourcesBuildPhase;
			buildActionMask = 2147483647;
			files = (
				526DB55419F592DC001F29D0 /* MafiaTests.m in Sources */,
			);
			runOnlyForDeploymentPostprocessing = 0;
		};
/* End PBXSourcesBuildPhase section */

/* Begin PBXTargetDependency section */
		526DB54F19F592DC001F29D0 /* PBXTargetDependency */ = {
			isa = PBXTargetDependency;
			target = 526DB53319F592DC001F29D0 /* Mafia */;
			targetProxy = 526DB54E19F592DC001F29D0 /* PBXContainerItemProxy */;
		};
/* End PBXTargetDependency section */

/* Begin PBXVariantGroup section */
		526DB54119F592DC001F29D0 /* Main.storyboard */ = {
			isa = PBXVariantGroup;
			children = (
				526DB54219F592DC001F29D0 /* Base */,
			);
			name = Main.storyboard;
			sourceTree = "<group>";
		};
		526DB54619F592DC001F29D0 /* LaunchScreen.xib */ = {
			isa = PBXVariantGroup;
			children = (
				526DB54719F592DC001F29D0 /* Base */,
			);
			name = LaunchScreen.xib;
			sourceTree = "<group>";
		};
/* End PBXVariantGroup section */

/* Begin XCBuildConfiguration section */
		526DB55519F592DC001F29D0 /* Debug */ = {
			isa = XCBuildConfiguration;
			buildSettings = {
				ALWAYS_SEARCH_USER_PATHS = NO;
				CLANG_CXX_LANGUAGE_STANDARD = "gnu++0x";
				CLANG_CXX_LIBRARY = "libc++";
				CLANG_ENABLE_MODULES = YES;
				CLANG_ENABLE_OBJC_ARC = YES;
				CLANG_WARN_BOOL_CONVERSION = YES;
				CLANG_WARN_CONSTANT_CONVERSION = YES;
				CLANG_WARN_DIRECT_OBJC_ISA_USAGE = YES_ERROR;
				CLANG_WARN_EMPTY_BODY = YES;
				CLANG_WARN_ENUM_CONVERSION = YES;
				CLANG_WARN_INT_CONVERSION = YES;
				CLANG_WARN_OBJC_ROOT_CLASS = YES_ERROR;
				CLANG_WARN_UNREACHABLE_CODE = YES;
				CLANG_WARN__DUPLICATE_METHOD_MATCH = YES;
				"CODE_SIGN_IDENTITY[sdk=iphoneos*]" = "iPhone Developer";
				COPY_PHASE_STRIP = NO;
				ENABLE_STRICT_OBJC_MSGSEND = YES;
				GCC_C_LANGUAGE_STANDARD = gnu99;
				GCC_DYNAMIC_NO_PIC = NO;
				GCC_OPTIMIZATION_LEVEL = 0;
				GCC_PREPROCESSOR_DEFINITIONS = (
					"DEBUG=1",
					"$(inherited)",
				);
				GCC_SYMBOLS_PRIVATE_EXTERN = NO;
				GCC_WARN_64_TO_32_BIT_CONVERSION = YES;
				GCC_WARN_ABOUT_RETURN_TYPE = YES_ERROR;
				GCC_WARN_UNDECLARED_SELECTOR = YES;
				GCC_WARN_UNINITIALIZED_AUTOS = YES_AGGRESSIVE;
				GCC_WARN_UNUSED_FUNCTION = YES;
				GCC_WARN_UNUSED_VARIABLE = YES;
				IPHONEOS_DEPLOYMENT_TARGET = 8.0;
				MTL_ENABLE_DEBUG_INFO = YES;
				ONLY_ACTIVE_ARCH = YES;
				SDKROOT = iphoneos;
			};
			name = Debug;
		};
		526DB55619F592DC001F29D0 /* Release */ = {
			isa = XCBuildConfiguration;
			buildSettings = {
				ALWAYS_SEARCH_USER_PATHS = NO;
				CLANG_CXX_LANGUAGE_STANDARD = "gnu++0x";
				CLANG_CXX_LIBRARY = "libc++";
				CLANG_ENABLE_MODULES = YES;
				CLANG_ENABLE_OBJC_ARC = YES;
				CLANG_WARN_BOOL_CONVERSION = YES;
				CLANG_WARN_CONSTANT_CONVERSION = YES;
				CLANG_WARN_DIRECT_OBJC_ISA_USAGE = YES_ERROR;
				CLANG_WARN_EMPTY_BODY = YES;
				CLANG_WARN_ENUM_CONVERSION = YES;
				CLANG_WARN_INT_CONVERSION = YES;
				CLANG_WARN_OBJC_ROOT_CLASS = YES_ERROR;
				CLANG_WARN_UNREACHABLE_CODE = YES;
				CLANG_WARN__DUPLICATE_METHOD_MATCH = YES;
				"CODE_SIGN_IDENTITY[sdk=iphoneos*]" = "iPhone Developer";
				COPY_PHASE_STRIP = YES;
				ENABLE_NS_ASSERTIONS = NO;
				ENABLE_STRICT_OBJC_MSGSEND = YES;
				GCC_C_LANGUAGE_STANDARD = gnu99;
				GCC_WARN_64_TO_32_BIT_CONVERSION = YES;
				GCC_WARN_ABOUT_RETURN_TYPE = YES_ERROR;
				GCC_WARN_UNDECLARED_SELECTOR = YES;
				GCC_WARN_UNINITIALIZED_AUTOS = YES_AGGRESSIVE;
				GCC_WARN_UNUSED_FUNCTION = YES;
				GCC_WARN_UNUSED_VARIABLE = YES;
				IPHONEOS_DEPLOYMENT_TARGET = 8.0;
				MTL_ENABLE_DEBUG_INFO = NO;
				SDKROOT = iphoneos;
				VALIDATE_PRODUCT = YES;
			};
			name = Release;
		};
		526DB55819F592DC001F29D0 /* Debug */ = {
			isa = XCBuildConfiguration;
			buildSettings = {
				ASSETCATALOG_COMPILER_APPICON_NAME = AppIcon;
				INFOPLIST_FILE = Mafia/Info.plist;
				LD_RUNPATH_SEARCH_PATHS = "$(inherited) @executable_path/Frameworks";
				PRODUCT_NAME = "$(TARGET_NAME)";
			};
			name = Debug;
		};
		526DB55919F592DC001F29D0 /* Release */ = {
			isa = XCBuildConfiguration;
			buildSettings = {
				ASSETCATALOG_COMPILER_APPICON_NAME = AppIcon;
				INFOPLIST_FILE = Mafia/Info.plist;
				LD_RUNPATH_SEARCH_PATHS = "$(inherited) @executable_path/Frameworks";
				PRODUCT_NAME = "$(TARGET_NAME)";
			};
			name = Release;
		};
		526DB55B19F592DC001F29D0 /* Debug */ = {
			isa = XCBuildConfiguration;
			buildSettings = {
				BUNDLE_LOADER = "$(TEST_HOST)";
				FRAMEWORK_SEARCH_PATHS = (
					"$(SDKROOT)/Developer/Library/Frameworks",
					"$(inherited)",
				);
				GCC_PREPROCESSOR_DEFINITIONS = (
					"DEBUG=1",
					"$(inherited)",
				);
				INFOPLIST_FILE = MafiaTests/Info.plist;
				LD_RUNPATH_SEARCH_PATHS = "$(inherited) @executable_path/Frameworks @loader_path/Frameworks";
				PRODUCT_NAME = "$(TARGET_NAME)";
				TEST_HOST = "$(BUILT_PRODUCTS_DIR)/Mafia.app/Mafia";
			};
			name = Debug;
		};
		526DB55C19F592DC001F29D0 /* Release */ = {
			isa = XCBuildConfiguration;
			buildSettings = {
				BUNDLE_LOADER = "$(TEST_HOST)";
				FRAMEWORK_SEARCH_PATHS = (
					"$(SDKROOT)/Developer/Library/Frameworks",
					"$(inherited)",
				);
				INFOPLIST_FILE = MafiaTests/Info.plist;
				LD_RUNPATH_SEARCH_PATHS = "$(inherited) @executable_path/Frameworks @loader_path/Frameworks";
				PRODUCT_NAME = "$(TARGET_NAME)";
				TEST_HOST = "$(BUILT_PRODUCTS_DIR)/Mafia.app/Mafia";
			};
			name = Release;
		};
/* End XCBuildConfiguration section */

/* Begin XCConfigurationList section */
		526DB52F19F592DC001F29D0 /* Build configuration list for PBXProject "Mafia" */ = {
			isa = XCConfigurationList;
			buildConfigurations = (
				526DB55519F592DC001F29D0 /* Debug */,
				526DB55619F592DC001F29D0 /* Release */,
			);
			defaultConfigurationIsVisible = 0;
			defaultConfigurationName = Release;
		};
		526DB55719F592DC001F29D0 /* Build configuration list for PBXNativeTarget "Mafia" */ = {
			isa = XCConfigurationList;
			buildConfigurations = (
				526DB55819F592DC001F29D0 /* Debug */,
				526DB55919F592DC001F29D0 /* Release */,
			);
			defaultConfigurationIsVisible = 0;
		};
		526DB55A19F592DC001F29D0 /* Build configuration list for PBXNativeTarget "MafiaTests" */ = {
			isa = XCConfigurationList;
			buildConfigurations = (
				526DB55B19F592DC001F29D0 /* Debug */,
				526DB55C19F592DC001F29D0 /* Release */,
			);
			defaultConfigurationIsVisible = 0;
		};
/* End XCConfigurationList section */
	};
	rootObject = 526DB52C19F592DC001F29D0 /* Project object */;
}
